
Microsoft Visual Studio Solution File, Format Version 12.00
# Visual Studio 15
VisualStudioVersion = 15.0.27428.2005
MinimumVisualStudioVersion = 10.0.40219.1
Project("{FAE04EC0-301F-11D3-BF4B-00C04F79EFBC}") = "Sayı Oyunu", "Sayı Oyunu\Sayı Oyunu.csproj", "{8C9C8FE8-F421-489E-9B9A-DEC0732B804B}"
EndProject
Global
	GlobalSection(SolutionConfigurationPlatforms) = preSolution
		Debug|Any CPU = Debug|Any CPU
		Release|Any CPU = Release|Any CPU
	EndGlobalSection
	GlobalSection(ProjectConfigurationPlatforms) = postSolution
		{8C9C8FE8-F421-489E-9B9A-DEC0732B804B}.Debug|Any CPU.ActiveCfg = Debug|Any CPU
		{8C9C8FE8-F421-489E-9B9A-DEC0732B804B}.Debug|Any CPU.Build.0 = Debug|Any CPU
		{8C9C8FE8-F421-489E-9B9A-DEC0732B804B}.Release|Any CPU.ActiveCfg = Release|Any CPU
		{8C9C8FE8-F421-489E-9B9A-DEC0732B804B}.Release|Any CPU.Build.0 = Release|Any CPU
	EndGlobalSection
	GlobalSection(SolutionProperties) = preSolution
		HideSolutionNode = FALSE
	EndGlobalSection
	GlobalSection(ExtensibilityGlobals) = postSolution
		SolutionGuid = {6E32BEF1-A174-4609-92B6-7C0836E83313}
	EndGlobalSection
EndGlobal
